github.com/bearsh/hid v1.5.0 h1:8ChLlc9Nqmlrla4U0QMHLhb/h1hnVcs2Unjoz7iY+vk=
github.com/bearsh/hid v1.5.0/go.mod h1:cs47JobsdK/AHOpD4wgX80i0el+2r/PjZkxrpaJxR84=
github.com/bearsh/hid v1.5.1-0.20231113082801-bdb506b73bad h1:MpAx1kRZhzgFcM4SEESoh/Oxrzeb3rMbF8raTErzNNM=
github.com/bearsh/hid v1.5.1-0.20231113082801-bdb506b73bad/go.mod h1:cs47JobsdK/AHOpD4wgX80i0el+2r/PjZkxrpaJxR84=
golang.org/x/sys v0.6.0 h1:MVltZSvRTcU2ljQOhs94SXPftV6DCNnZViHeQps87pQ=
golang.org/x/sys v0.6.0/go.mod h1:oPkhp1MJrh7nUepCBck5+mAzfO9JrbApNNgaTdGDITg=
